
Microsoft Visual Studio Solution File, Format Version 12.00
# Visual Studio Version 16
VisualStudioVersion = 16.0.30503.244
MinimumVisualStudioVersion = 10.0.40219.1
Project("{FAE04EC0-301F-11D3-BF4B-00C04F79EFBC}") = "DoubleLList", "DoubleLList\DoubleLList.csproj", "{DC7C0BBA-B5C4-49F6-AEA7-6417A1449FE2}"
EndProject
Project("{FAE04EC0-301F-11D3-BF4B-00C04F79EFBC}") = "DoubleLListTests", "DoubleLListTests\DoubleLListTests.csproj", "{705017B1-6790-485A-8C20-71D987C41011}"
EndProject
Global
	GlobalSection(SolutionConfigurationPlatforms) = preSolution
		Debug|Any CPU = Debug|Any CPU
		Release|Any CPU = Release|Any CPU
	EndGlobalSection
	GlobalSection(ProjectConfigurationPlatforms) = postSolution
		{DC7C0BBA-B5C4-49F6-AEA7-6417A1449FE2}.Debug|Any CPU.ActiveCfg = Debug|Any CPU
		{DC7C0BBA-B5C4-49F6-AEA7-6417A1449FE2}.Debug|Any CPU.Build.0 = Debug|Any CPU
		{DC7C0BBA-B5C4-49F6-AEA7-6417A1449FE2}.Release|Any CPU.ActiveCfg = Release|Any CPU
		{DC7C0BBA-B5C4-49F6-AEA7-6417A1449FE2}.Release|Any CPU.Build.0 = Release|Any CPU
		{705017B1-6790-485A-8C20-71D987C41011}.Debug|Any CPU.ActiveCfg = Debug|Any CPU
		{705017B1-6790-485A-8C20-71D987C41011}.Debug|Any CPU.Build.0 = Debug|Any CPU
		{705017B1-6790-485A-8C20-71D987C41011}.Release|Any CPU.ActiveCfg = Release|Any CPU
		{705017B1-6790-485A-8C20-71D987C41011}.Release|Any CPU.Build.0 = Release|Any CPU
	EndGlobalSection
	GlobalSection(SolutionProperties) = preSolution
		HideSolutionNode = FALSE
	EndGlobalSection
	GlobalSection(ExtensibilityGlobals) = postSolution
		SolutionGuid = {76CCA6E3-C013-4D04-9FD4-551073E6BCB7}
	EndGlobalSection
EndGlobal
